
Microsoft Visual Studio Solution File, Format Version 12.00
# Visual Studio 15
VisualStudioVersion = 15.0.27004.2005
MinimumVisualStudioVersion = 10.0.40219.1
Project("{9A19103F-16F7-4668-BE54-9A1E7A4F7556}") = "MewLabTcpCommunication", "MewLabTcpCommunication\MewLabTcpCommunication.csproj", "{BF52C424-6ABA-4560-93EA-FB46F1878F03}"
EndProject
Project("{9A19103F-16F7-4668-BE54-9A1E7A4F7556}") = "CommunicationTests", "CommunicationTests\CommunicationTests.csproj", "{49178038-1D35-48F0-8384-347AFA8E9B94}"
EndProject
Project("{FAE04EC0-301F-11D3-BF4B-00C04F79EFBC}") = "MewLabsWebScoketProtocolParser", "MewLabsWebScoketProtocolParser\MewLabsWebScoketProtocolParser.csproj", "{77E35FB0-A40A-4393-8BBA-08E4F5992795}"
EndProject
Project("{FAE04EC0-301F-11D3-BF4B-00C04F79EFBC}") = "ExampleWebSocketProject", "ExampleWebSocketProject\ExampleWebSocketProject.csproj", "{F7702FAE-A784-456A-90C2-CE5DF93CC8F9}"
EndProject
Global
	GlobalSection(SolutionConfigurationPlatforms) = preSolution
		Debug|Any CPU = Debug|Any CPU
		Release|Any CPU = Release|Any CPU
	EndGlobalSection
	GlobalSection(ProjectConfigurationPlatforms) = postSolution
		{BF52C424-6ABA-4560-93EA-FB46F1878F03}.Debug|Any CPU.ActiveCfg = Debug|Any CPU
		{BF52C424-6ABA-4560-93EA-FB46F1878F03}.Debug|Any CPU.Build.0 = Debug|Any CPU
		{BF52C424-6ABA-4560-93EA-FB46F1878F03}.Release|Any CPU.ActiveCfg = Release|Any CPU
		{BF52C424-6ABA-4560-93EA-FB46F1878F03}.Release|Any CPU.Build.0 = Release|Any CPU
		{49178038-1D35-48F0-8384-347AFA8E9B94}.Debug|Any CPU.ActiveCfg = Debug|Any CPU
		{49178038-1D35-48F0-8384-347AFA8E9B94}.Debug|Any CPU.Build.0 = Debug|Any CPU
		{49178038-1D35-48F0-8384-347AFA8E9B94}.Release|Any CPU.ActiveCfg = Release|Any CPU
		{49178038-1D35-48F0-8384-347AFA8E9B94}.Release|Any CPU.Build.0 = Release|Any CPU
		{77E35FB0-A40A-4393-8BBA-08E4F5992795}.Debug|Any CPU.ActiveCfg = Debug|Any CPU
		{77E35FB0-A40A-4393-8BBA-08E4F5992795}.Debug|Any CPU.Build.0 = Debug|Any CPU
		{77E35FB0-A40A-4393-8BBA-08E4F5992795}.Release|Any CPU.ActiveCfg = Release|Any CPU
		{77E35FB0-A40A-4393-8BBA-08E4F5992795}.Release|Any CPU.Build.0 = Release|Any CPU
		{F7702FAE-A784-456A-90C2-CE5DF93CC8F9}.Debug|Any CPU.ActiveCfg = Debug|Any CPU
		{F7702FAE-A784-456A-90C2-CE5DF93CC8F9}.Debug|Any CPU.Build.0 = Debug|Any CPU
		{F7702FAE-A784-456A-90C2-CE5DF93CC8F9}.Release|Any CPU.ActiveCfg = Release|Any CPU
		{F7702FAE-A784-456A-90C2-CE5DF93CC8F9}.Release|Any CPU.Build.0 = Release|Any CPU
	EndGlobalSection
	GlobalSection(SolutionProperties) = preSolution
		HideSolutionNode = FALSE
	EndGlobalSection
	GlobalSection(ExtensibilityGlobals) = postSolution
		SolutionGuid = {01FA9349-20D8-4BE7-B1D1-DE1CED882254}
	EndGlobalSection
EndGlobal
